
Microsoft Visual Studio Solution File, Format Version 12.00
# Visual Studio Version 16
VisualStudioVersion = 16.0.29123.88
MinimumVisualStudioVersion = 10.0.40219.1
Project("{FAE04EC0-301F-11D3-BF4B-00C04F79EFBC}") = "fiddlerxx", "fiddlerxx\fiddlerxx.csproj", "{A461F31D-E704-4872-9591-C9032B475D47}"
EndProject
Project("{FAE04EC0-301F-11D3-BF4B-00C04F79EFBC}") = "fiddlerxxForm", "fiddlerxxForm\fiddlerxxForm.csproj", "{14C4A191-CE25-421C-B721-E7E5B7FD3717}"
EndProject
Global
	GlobalSection(SolutionConfigurationPlatforms) = preSolution
		Debug|Any CPU = Debug|Any CPU
		Release|Any CPU = Release|Any CPU
	EndGlobalSection
	GlobalSection(ProjectConfigurationPlatforms) = postSolution
		{A461F31D-E704-4872-9591-C9032B475D47}.Debug|Any CPU.ActiveCfg = Debug|Any CPU
		{A461F31D-E704-4872-9591-C9032B475D47}.Debug|Any CPU.Build.0 = Debug|Any CPU
		{A461F31D-E704-4872-9591-C9032B475D47}.Release|Any CPU.ActiveCfg = Release|Any CPU
		{A461F31D-E704-4872-9591-C9032B475D47}.Release|Any CPU.Build.0 = Release|Any CPU
		{14C4A191-CE25-421C-B721-E7E5B7FD3717}.Debug|Any CPU.ActiveCfg = Debug|Any CPU
		{14C4A191-CE25-421C-B721-E7E5B7FD3717}.Debug|Any CPU.Build.0 = Debug|Any CPU
		{14C4A191-CE25-421C-B721-E7E5B7FD3717}.Release|Any CPU.ActiveCfg = Release|Any CPU
		{14C4A191-CE25-421C-B721-E7E5B7FD3717}.Release|Any CPU.Build.0 = Release|Any CPU
	EndGlobalSection
	GlobalSection(SolutionProperties) = preSolution
		HideSolutionNode = FALSE
	EndGlobalSection
	GlobalSection(ExtensibilityGlobals) = postSolution
		SolutionGuid = {2EE8C9F8-E97A-40CD-9ABF-892811D79883}
	EndGlobalSection
EndGlobal
